
Microsoft Visual Studio Solution File, Format Version 12.00
# Visual Studio 2013
VisualStudioVersion = 12.0.30723.0
MinimumVisualStudioVersion = 10.0.40219.1
Project("{F2A71F9B-5D33-465A-A702-920D77279786}") = "FSharp.Data.Bson.DesignTime.Tests", "tests\FSharp.Data.Bson.DesignTime.Tests\FSharp.Data.Bson.DesignTime.Tests.fsproj", "{1BD89248-02F0-43EA-8706-BA721BCBA9C5}"
EndProject
Project("{2150E333-8FDC-42A3-9474-1A3956D46DE8}") = "docs", "docs", "{370F9DBE-C364-4285-A293-3A2695761619}"
EndProject
Project("{2150E333-8FDC-42A3-9474-1A3956D46DE8}") = "tools", "tools", "{132B11C0-5760-4640-B480-745A6A0135D4}"
EndProject
Project("{2150E333-8FDC-42A3-9474-1A3956D46DE8}") = "templates", "templates", "{9257F50E-5DC2-47B4-BF9F-3441AD8A2DAB}"
EndProject
Project("{2150E333-8FDC-42A3-9474-1A3956D46DE8}") = "library", "library", "{BD28ABC6-1273-49D2-8D00-2FECCEEF1680}"
EndProject
Global
	GlobalSection(SolutionConfigurationPlatforms) = preSolution
		Debug|Any CPU = Debug|Any CPU
		Release|Any CPU = Release|Any CPU
	EndGlobalSection
	GlobalSection(ProjectConfigurationPlatforms) = postSolution
		{1BD89248-02F0-43EA-8706-BA721BCBA9C5}.Debug|Any CPU.ActiveCfg = Debug|Any CPU
		{1BD89248-02F0-43EA-8706-BA721BCBA9C5}.Debug|Any CPU.Build.0 = Debug|Any CPU
		{1BD89248-02F0-43EA-8706-BA721BCBA9C5}.Release|Any CPU.ActiveCfg = Release|Any CPU
		{1BD89248-02F0-43EA-8706-BA721BCBA9C5}.Release|Any CPU.Build.0 = Release|Any CPU
	EndGlobalSection
	GlobalSection(SolutionProperties) = preSolution
		HideSolutionNode = FALSE
	EndGlobalSection
EndGlobal
